// !$*UTF8*$!
{
	archiveVersion = 1;
	classes = {
	};
	objectVersion = 46;
	objects = {

/* Begin PBXBuildFile section */
		65A1D28B18D7E55700CDF709 /* Main_iPad.storyboard in Resources */ = {isa = PBXBuildFile; fileRef = 65A1D28A18D7E55700CDF709 /* Main_iPad.storyboard */; };
		65A396DE18DABE30005BA532 /* Default@2x~iphone.png in Resources */ = {isa = PBXBuildFile; fileRef = 65A396DD18DABE30005BA532 /* Default@2x~iphone.png */; };
		65B3B61D18D99D4600417292 /* AlbumsVC.m in Sources */ = {isa = PBXBuildFile; fileRef = 65B3B60F18D99D4600417292 /* AlbumsVC.m */; };
		65B3B61E18D99D4600417292 /* ImageCell.m in Sources */ = {isa = PBXBuildFile; fileRef = 65B3B61118D99D4600417292 /* ImageCell.m */; };
		65B3B61F18D99D4600417292 /* Layouts.m in Sources */ = {isa = PBXBuildFile; fileRef = 65B3B61318D99D4600417292 /* Layouts.m */; };
		65B3B62018D99D4600417292 /* PhotosVC.m in Sources */ = {isa = PBXBuildFile; fileRef = 65B3B61518D99D4600417292 /* PhotosVC.m */; };
		65B3B62118D99D4600417292 /* PhotoTabbar.m in Sources */ = {isa = PBXBuildFile; fileRef = 65B3B61718D99D4600417292 /* PhotoTabbar.m */; };
		65B3B62218D99D4600417292 /* SharedVC.m in Sources */ = {isa = PBXBuildFile; fileRef = 65B3B61918D99D4600417292 /* SharedVC.m */; };
		65B3B62318D99D4600417292 /* ToolKit.m in Sources */ = {isa = PBXBuildFile; fileRef = 65B3B61B18D99D4600417292 /* ToolKit.m */; };
		65B3B62818D99DBB00417292 /* test.png in Resources */ = {isa = PBXBuildFile; fileRef = 65B3B62718D99DBB00417292 /* test.png */; };
		65B3B62B18D99E8900417292 /* Main.storyboard in Resources */ = {isa = PBXBuildFile; fileRef = 65B3B62A18D99E8900417292 /* Main.storyboard */; };
		65B3B62E18D9A06600417292 /* ImageTableViewCell.m in Sources */ = {isa = PBXBuildFile; fileRef = 65B3B62D18D9A06600417292 /* ImageTableViewCell.m */; };
		65D028DE18D6FDF300F09F16 /* Foundation.framework in Frameworks */ = {isa = PBXBuildFile; fileRef = 65D028DD18D6FDF300F09F16 /* Foundation.framework */; };
		65D028E018D6FDF300F09F16 /* CoreGraphics.framework in Frameworks */ = {isa = PBXBuildFile; fileRef = 65D028DF18D6FDF300F09F16 /* CoreGraphics.framework */; };
		65D028E218D6FDF300F09F16 /* UIKit.framework in Frameworks */ = {isa = PBXBuildFile; fileRef = 65D028E118D6FDF300F09F16 /* UIKit.framework */; };
		65D028E818D6FDF300F09F16 /* InfoPlist.strings in Resources */ = {isa = PBXBuildFile; fileRef = 65D028E618D6FDF300F09F16 /* InfoPlist.strings */; };
		65D028EA18D6FDF300F09F16 /* main.m in Sources */ = {isa = PBXBuildFile; fileRef = 65D028E918D6FDF300F09F16 /* main.m */; };
		65D028EE18D6FDF300F09F16 /* AppDelegate.m in Sources */ = {isa = PBXBuildFile; fileRef = 65D028ED18D6FDF300F09F16 /* AppDelegate.m */; };
		65D028F918D6FDF300F09F16 /* Images.xcassets in Resources */ = {isa = PBXBuildFile; fileRef = 65D028F818D6FDF300F09F16 /* Images.xcassets */; };
		65D0290018D6FDF300F09F16 /* XCTest.framework in Frameworks */ = {isa = PBXBuildFile; fileRef = 65D028FF18D6FDF300F09F16 /* XCTest.framework */; };
		65D0290118D6FDF300F09F16 /* Foundation.framework in Frameworks */ = {isa = PBXBuildFile; fileRef = 65D028DD18D6FDF300F09F16 /* Foundation.framework */; };
		65D0290218D6FDF300F09F16 /* UIKit.framework in Frameworks */ = {isa = PBXBuildFile; fileRef = 65D028E118D6FDF300F09F16 /* UIKit.framework */; };
		65D0290A18D6FDF300F09F16 /* InfoPlist.strings in Resources */ = {isa = PBXBuildFile; fileRef = 65D0290818D6FDF300F09F16 /* InfoPlist.strings */; };
		65D0290C18D6FDF300F09F16 /* PhotosTests.m in Sources */ = {isa = PBXBuildFile; fileRef = 65D0290B18D6FDF300F09F16 /* PhotosTests.m */; };
		65D0292318D704DF00F09F16 /* AssetsLibrary.framework in Frameworks */ = {isa = PBXBuildFile; fileRef = 65D0292218D704DF00F09F16 /* AssetsLibrary.framework */; };
		65F4D03118DABADC0058B561 /* Photos-Guides@2x.png in Resources */ = {isa = PBXBuildFile; fileRef = 65F4D02D18DABADC0058B561 /* Photos-Guides@2x.png */; };
		65F4D03218DABADC0058B561 /* Photos-NotificationCenter@2x.png in Resources */ = {isa = PBXBuildFile; fileRef = 65F4D02E18DABADC0058B561 /* Photos-NotificationCenter@2x.png */; };
		65F4D03318DABADC0058B561 /* Photos-settings@2x.png in Resources */ = {isa = PBXBuildFile; fileRef = 65F4D02F18DABADC0058B561 /* Photos-settings@2x.png */; };
		65F4D03418DABADC0058B561 /* Photos@2x~iphone.png in Resources */ = {isa = PBXBuildFile; fileRef = 65F4D03018DABADC0058B561 /* Photos@2x~iphone.png */; };
/* End PBXBuildFile section */

/* Begin PBXContainerItemProxy section */
		65D0290318D6FDF300F09F16 /* PBXContainerItemProxy */ = {
			isa = PBXContainerItemProxy;
			containerPortal = 65D028D218D6FDF300F09F16 /* Project object */;
			proxyType = 1;
			remoteGlobalIDString = 65D028D918D6FDF300F09F16;
			remoteInfo = Photos;
		};
/* End PBXContainerItemProxy section */

/* Begin PBXFileReference section */
		65A1D28A18D7E55700CDF709 /* Main_iPad.storyboard */ = {isa = PBXFileReference; fileEncoding = 4; lastKnownFileType = file.storyboard; name = Main_iPad.storyboard; path = ../Main_iPad.storyboard; sourceTree = "<group>"; };
		65A396DD18DABE30005BA532 /* Default@2x~iphone.png */ = {isa = PBXFileReference; lastKnownFileType = image.png; path = "Default@2x~iphone.png"; sourceTree = "<group>"; };
		65B3B60E18D99D4600417292 /* AlbumsVC.h */ = {isa = PBXFileReference; fileEncoding = 4; lastKnownFileType = sourcecode.c.h; path = AlbumsVC.h; sourceTree = "<group>"; };
		65B3B60F18D99D4600417292 /* AlbumsVC.m */ = {isa = PBXFileReference; fileEncoding = 4; lastKnownFileType = sourcecode.c.objc; path = AlbumsVC.m; sourceTree = "<group>"; };
		65B3B61018D99D4600417292 /* ImageCell.h */ = {isa = PBXFileReference; fileEncoding = 4; lastKnownFileType = sourcecode.c.h; path = ImageCell.h; sourceTree = "<group>"; };
		65B3B61118D99D4600417292 /* ImageCell.m */ = {isa = PBXFileReference; fileEncoding = 4; lastKnownFileType = sourcecode.c.objc; path = ImageCell.m; sourceTree = "<group>"; };
		65B3B61218D99D4600417292 /* Layouts.h */ = {isa = PBXFileReference; fileEncoding = 4; lastKnownFileType = sourcecode.c.h; path = Layouts.h; sourceTree = "<group>"; };
		65B3B61318D99D4600417292 /* Layouts.m */ = {isa = PBXFileReference; fileEncoding = 4; lastKnownFileType = sourcecode.c.objc; path = Layouts.m; sourceTree = "<group>"; };
		65B3B61418D99D4600417292 /* PhotosVC.h */ = {isa = PBXFileReference; fileEncoding = 4; lastKnownFileType = sourcecode.c.h; path = PhotosVC.h; sourceTree = "<group>"; };
		65B3B61518D99D4600417292 /* PhotosVC.m */ = {isa = PBXFileReference; fileEncoding = 4; lastKnownFileType = sourcecode.c.objc; path = PhotosVC.m; sourceTree = "<group>"; };
		65B3B61618D99D4600417292 /* PhotoTabbar.h */ = {isa = PBXFileReference; fileEncoding = 4; lastKnownFileType = sourcecode.c.h; path = PhotoTabbar.h; sourceTree = "<group>"; };
		65B3B61718D99D4600417292 /* PhotoTabbar.m */ = {isa = PBXFileReference; fileEncoding = 4; lastKnownFileType = sourcecode.c.objc; path = PhotoTabbar.m; sourceTree = "<group>"; };
		65B3B61818D99D4600417292 /* SharedVC.h */ = {isa = PBXFileReference; fileEncoding = 4; lastKnownFileType = sourcecode.c.h; path = SharedVC.h; sourceTree = "<group>"; };
		65B3B61918D99D4600417292 /* SharedVC.m */ = {isa = PBXFileReference; fileEncoding = 4; lastKnownFileType = sourcecode.c.objc; path = SharedVC.m; sourceTree = "<group>"; };
		65B3B61A18D99D4600417292 /* ToolKit.h */ = {isa = PBXFileReference; fileEncoding = 4; lastKnownFileType = sourcecode.c.h; path = ToolKit.h; sourceTree = "<group>"; };
		65B3B61B18D99D4600417292 /* ToolKit.m */ = {isa = PBXFileReference; fileEncoding = 4; lastKnownFileType = sourcecode.c.objc; path = ToolKit.m; sourceTree = "<group>"; };
		65B3B62718D99DBB00417292 /* test.png */ = {isa = PBXFileReference; lastKnownFileType = image.png; path = test.png; sourceTree = "<group>"; };
		65B3B62A18D99E8900417292 /* Main.storyboard */ = {isa = PBXFileReference; fileEncoding = 4; lastKnownFileType = file.storyboard; name = Main.storyboard; path = Photos/Main.storyboard; sourceTree = SOURCE_ROOT; };
		65B3B62C18D9A06600417292 /* ImageTableViewCell.h */ = {isa = PBXFileReference; fileEncoding = 4; lastKnownFileType = sourcecode.c.h; path = ImageTableViewCell.h; sourceTree = "<group>"; };
		65B3B62D18D9A06600417292 /* ImageTableViewCell.m */ = {isa = PBXFileReference; fileEncoding = 4; lastKnownFileType = sourcecode.c.objc; path = ImageTableViewCell.m; sourceTree = "<group>"; };
		65D028DA18D6FDF300F09F16 /* Photos.app */ = {isa = PBXFileReference; explicitFileType = wrapper.application; includeInIndex = 0; path = Photos.app; sourceTree = BUILT_PRODUCTS_DIR; };
		65D028DD18D6FDF300F09F16 /* Foundation.framework */ = {isa = PBXFileReference; lastKnownFileType = wrapper.framework; name = Foundation.framework; path = System/Library/Frameworks/Foundation.framework; sourceTree = SDKROOT; };
		65D028DF18D6FDF300F09F16 /* CoreGraphics.framework */ = {isa = PBXFileReference; lastKnownFileType = wrapper.framework; name = CoreGraphics.framework; path = System/Library/Frameworks/CoreGraphics.framework; sourceTree = SDKROOT; };
		65D028E118D6FDF300F09F16 /* UIKit.framework */ = {isa = PBXFileReference; lastKnownFileType = wrapper.framework; name = UIKit.framework; path = System/Library/Frameworks/UIKit.framework; sourceTree = SDKROOT; };
		65D028E518D6FDF300F09F16 /* Photos-Info.plist */ = {isa = PBXFileReference; lastKnownFileType = text.plist.xml; path = "Photos-Info.plist"; sourceTree = "<group>"; };
		65D028E718D6FDF300F09F16 /* en */ = {isa = PBXFileReference; lastKnownFileType = text.plist.strings; name = en; path = en.lproj/InfoPlist.strings; sourceTree = "<group>"; };
		65D028E918D6FDF300F09F16 /* main.m */ = {isa = PBXFileReference; lastKnownFileType = sourcecode.c.objc; path = main.m; sourceTree = "<group>"; };
		65D028EB18D6FDF300F09F16 /* Photos-Prefix.pch */ = {isa = PBXFileReference; lastKnownFileType = sourcecode.c.h; path = "Photos-Prefix.pch"; sourceTree = "<group>"; };
		65D028EC18D6FDF300F09F16 /* AppDelegate.h */ = {isa = PBXFileReference; lastKnownFileType = sourcecode.c.h; path = AppDelegate.h; sourceTree = "<group>"; };
		65D028ED18D6FDF300F09F16 /* AppDelegate.m */ = {isa = PBXFileReference; lastKnownFileType = sourcecode.c.objc; path = AppDelegate.m; sourceTree = "<group>"; };
		65D028F818D6FDF300F09F16 /* Images.xcassets */ = {isa = PBXFileReference; lastKnownFileType = folder.assetcatalog; path = Images.xcassets; sourceTree = "<group>"; };
		65D028FE18D6FDF300F09F16 /* PhotosTests.xctest */ = {isa = PBXFileReference; explicitFileType = wrapper.cfbundle; includeInIndex = 0; path = PhotosTests.xctest; sourceTree = BUILT_PRODUCTS_DIR; };
		65D028FF18D6FDF300F09F16 /* XCTest.framework */ = {isa = PBXFileReference; lastKnownFileType = wrapper.framework; name = XCTest.framework; path = Library/Frameworks/XCTest.framework; sourceTree = DEVELOPER_DIR; };
		65D0290718D6FDF300F09F16 /* PhotosTests-Info.plist */ = {isa = PBXFileReference; lastKnownFileType = text.plist.xml; path = "PhotosTests-Info.plist"; sourceTree = "<group>"; };
		65D0290918D6FDF300F09F16 /* en */ = {isa = PBXFileReference; lastKnownFileType = text.plist.strings; name = en; path = en.lproj/InfoPlist.strings; sourceTree = "<group>"; };
		65D0290B18D6FDF300F09F16 /* PhotosTests.m */ = {isa = PBXFileReference; lastKnownFileType = sourcecode.c.objc; path = PhotosTests.m; sourceTree = "<group>"; };
		65D0292218D704DF00F09F16 /* AssetsLibrary.framework */ = {isa = PBXFileReference; lastKnownFileType = wrapper.framework; name = AssetsLibrary.framework; path = System/Library/Frameworks/AssetsLibrary.framework; sourceTree = SDKROOT; };
		65F4D02D18DABADC0058B561 /* Photos-Guides@2x.png */ = {isa = PBXFileReference; lastKnownFileType = image.png; path = "Photos-Guides@2x.png"; sourceTree = "<group>"; };
		65F4D02E18DABADC0058B561 /* Photos-NotificationCenter@2x.png */ = {isa = PBXFileReference; lastKnownFileType = image.png; path = "Photos-NotificationCenter@2x.png"; sourceTree = "<group>"; };
		65F4D02F18DABADC0058B561 /* Photos-settings@2x.png */ = {isa = PBXFileReference; lastKnownFileType = image.png; path = "Photos-settings@2x.png"; sourceTree = "<group>"; };
		65F4D03018DABADC0058B561 /* Photos@2x~iphone.png */ = {isa = PBXFileReference; lastKnownFileType = image.png; path = "Photos@2x~iphone.png"; sourceTree = "<group>"; };
/* End PBXFileReference section */

/* Begin PBXFrameworksBuildPhase section */
		65D028D718D6FDF300F09F16 /* Frameworks */ = {
			isa = PBXFrameworksBuildPhase;
			buildActionMask = 2147483647;
			files = (
				65D0292318D704DF00F09F16 /* AssetsLibrary.framework in Frameworks */,
				65D028E018D6FDF300F09F16 /* CoreGraphics.framework in Frameworks */,
				65D028E218D6FDF300F09F16 /* UIKit.framework in Frameworks */,
				65D028DE18D6FDF300F09F16 /* Foundation.framework in Frameworks */,
			);
			runOnlyForDeploymentPostprocessing = 0;
		};
		65D028FB18D6FDF300F09F16 /* Frameworks */ = {
			isa = PBXFrameworksBuildPhase;
			buildActionMask = 2147483647;
			files = (
				65D0290018D6FDF300F09F16 /* XCTest.framework in Frameworks */,
				65D0290218D6FDF300F09F16 /* UIKit.framework in Frameworks */,
				65D0290118D6FDF300F09F16 /* Foundation.framework in Frameworks */,
			);
			runOnlyForDeploymentPostprocessing = 0;
		};
/* End PBXFrameworksBuildPhase section */

/* Begin PBXGroup section */
		65B3B60D18D99D4600417292 /* Classes */ = {
			isa = PBXGroup;
			children = (
				65B3B62618D99D7500417292 /* View */,
				65B3B62518D99D5D00417292 /* Support */,
				65B3B62418D99D5200417292 /* VCS */,
			);
			path = Classes;
			sourceTree = "<group>";
		};
		65B3B61C18D99D4600417292 /* Resources */ = {
			isa = PBXGroup;
			children = (
				65A396DD18DABE30005BA532 /* Default@2x~iphone.png */,
				65F4D02D18DABADC0058B561 /* Photos-Guides@2x.png */,
				65F4D02E18DABADC0058B561 /* Photos-NotificationCenter@2x.png */,
				65F4D02F18DABADC0058B561 /* Photos-settings@2x.png */,
				65F4D03018DABADC0058B561 /* Photos@2x~iphone.png */,
				65B3B62A18D99E8900417292 /* Main.storyboard */,
				65B3B62718D99DBB00417292 /* test.png */,
				65A1D28A18D7E55700CDF709 /* Main_iPad.storyboard */,
			);
			path = Resources;
			sourceTree = "<group>";
		};
		65B3B62418D99D5200417292 /* VCS */ = {
			isa = PBXGroup;
			children = (
				65B3B61418D99D4600417292 /* PhotosVC.h */,
				65B3B61518D99D4600417292 /* PhotosVC.m */,
				65B3B61618D99D4600417292 /* PhotoTabbar.h */,
				65B3B61718D99D4600417292 /* PhotoTabbar.m */,
				65B3B61818D99D4600417292 /* SharedVC.h */,
				65B3B61918D99D4600417292 /* SharedVC.m */,
				65B3B60E18D99D4600417292 /* AlbumsVC.h */,
				65B3B60F18D99D4600417292 /* AlbumsVC.m */,
			);
			name = VCS;
			sourceTree = "<group>";
		};
		65B3B62518D99D5D00417292 /* Support */ = {
			isa = PBXGroup;
			children = (
				65B3B61A18D99D4600417292 /* ToolKit.h */,
				65B3B61B18D99D4600417292 /* ToolKit.m */,
				65B3B61218D99D4600417292 /* Layouts.h */,
				65B3B61318D99D4600417292 /* Layouts.m */,
			);
			name = Support;
			sourceTree = "<group>";
		};
		65B3B62618D99D7500417292 /* View */ = {
			isa = PBXGroup;
			children = (
				65B3B61018D99D4600417292 /* ImageCell.h */,
				65B3B61118D99D4600417292 /* ImageCell.m */,
				65B3B62C18D9A06600417292 /* ImageTableViewCell.h */,
				65B3B62D18D9A06600417292 /* ImageTableViewCell.m */,
			);
			name = View;
			sourceTree = "<group>";
		};
		65D028D118D6FDF300F09F16 = {
			isa = PBXGroup;
			children = (
				65D028E318D6FDF300F09F16 /* Photos */,
				65D0290518D6FDF300F09F16 /* PhotosTests */,
				65D028DC18D6FDF300F09F16 /* Frameworks */,
				65D028DB18D6FDF300F09F16 /* Products */,
			);
			sourceTree = "<group>";
		};
		65D028DB18D6FDF300F09F16 /* Products */ = {
			isa = PBXGroup;
			children = (
				65D028DA18D6FDF300F09F16 /* Photos.app */,
				65D028FE18D6FDF300F09F16 /* PhotosTests.xctest */,
			);
			name = Products;
			sourceTree = "<group>";
		};
		65D028DC18D6FDF300F09F16 /* Frameworks */ = {
			isa = PBXGroup;
			children = (
				65D0292218D704DF00F09F16 /* AssetsLibrary.framework */,
				65D028DD18D6FDF300F09F16 /* Foundation.framework */,
				65D028DF18D6FDF300F09F16 /* CoreGraphics.framework */,
				65D028E118D6FDF300F09F16 /* UIKit.framework */,
				65D028FF18D6FDF300F09F16 /* XCTest.framework */,
			);
			name = Frameworks;
			sourceTree = "<group>";
		};
		65D028E318D6FDF300F09F16 /* Photos */ = {
			isa = PBXGroup;
			children = (
				65B3B60D18D99D4600417292 /* Classes */,
				65B3B61C18D99D4600417292 /* Resources */,
				65D028EC18D6FDF300F09F16 /* AppDelegate.h */,
				65D028ED18D6FDF300F09F16 /* AppDelegate.m */,
				65D028F818D6FDF300F09F16 /* Images.xcassets */,
				65D028E418D6FDF300F09F16 /* Supporting Files */,
			);
			path = Photos;
			sourceTree = "<group>";
		};
		65D028E418D6FDF300F09F16 /* Supporting Files */ = {
			isa = PBXGroup;
			children = (
				65D028E518D6FDF300F09F16 /* Photos-Info.plist */,
				65D028E618D6FDF300F09F16 /* InfoPlist.strings */,
				65D028E918D6FDF300F09F16 /* main.m */,
				65D028EB18D6FDF300F09F16 /* Photos-Prefix.pch */,
			);
			name = "Supporting Files";
			sourceTree = "<group>";
		};
		65D0290518D6FDF300F09F16 /* PhotosTests */ = {
			isa = PBXGroup;
			children = (
				65D0290B18D6FDF300F09F16 /* PhotosTests.m */,
				65D0290618D6FDF300F09F16 /* Supporting Files */,
			);
			path = PhotosTests;
			sourceTree = "<group>";
		};
		65D0290618D6FDF300F09F16 /* Supporting Files */ = {
			isa = PBXGroup;
			children = (
				65D0290718D6FDF300F09F16 /* PhotosTests-Info.plist */,
				65D0290818D6FDF300F09F16 /* InfoPlist.strings */,
			);
			name = "Supporting Files";
			sourceTree = "<group>";
		};
/* End PBXGroup section */

/* Begin PBXNativeTarget section */
		65D028D918D6FDF300F09F16 /* Photos */ = {
			isa = PBXNativeTarget;
			buildConfigurationList = 65D0290F18D6FDF300F09F16 /* Build configuration list for PBXNativeTarget "Photos" */;
			buildPhases = (
				65D028D618D6FDF300F09F16 /* Sources */,
				65D028D718D6FDF300F09F16 /* Frameworks */,
				65D028D818D6FDF300F09F16 /* Resources */,
			);
			buildRules = (
			);
			dependencies = (
			);
			name = Photos;
			productName = Photos;
			productReference = 65D028DA18D6FDF300F09F16 /* Photos.app */;
			productType = "com.apple.product-type.application";
		};
		65D028FD18D6FDF300F09F16 /* PhotosTests */ = {
			isa = PBXNativeTarget;
			buildConfigurationList = 65D0291218D6FDF300F09F16 /* Build configuration list for PBXNativeTarget "PhotosTests" */;
			buildPhases = (
				65D028FA18D6FDF300F09F16 /* Sources */,
				65D028FB18D6FDF300F09F16 /* Frameworks */,
				65D028FC18D6FDF300F09F16 /* Resources */,
			);
			buildRules = (
			);
			dependencies = (
				65D0290418D6FDF300F09F16 /* PBXTargetDependency */,
			);
			name = PhotosTests;
			productName = PhotosTests;
			productReference = 65D028FE18D6FDF300F09F16 /* PhotosTests.xctest */;
			productType = "com.apple.product-type.bundle.unit-test";
		};
/* End PBXNativeTarget section */

/* Begin PBXProject section */
		65D028D218D6FDF300F09F16 /* Project object */ = {
			isa = PBXProject;
			attributes = {
				LastUpgradeCheck = 0510;
				ORGANIZATIONNAME = tag_ux;
				TargetAttributes = {
					65D028FD18D6FDF300F09F16 = {
						TestTargetID = 65D028D918D6FDF300F09F16;
					};
				};
			};
			buildConfigurationList = 65D028D518D6FDF300F09F16 /* Build configuration list for PBXProject "Photos" */;
			compatibilityVersion = "Xcode 3.2";
			developmentRegion = English;
			hasScannedForEncodings = 0;
			knownRegions = (
				en,
				Base,
			);
			mainGroup = 65D028D118D6FDF300F09F16;
			productRefGroup = 65D028DB18D6FDF300F09F16 /* Products */;
			projectDirPath = "";
			projectRoot = "";
			targets = (
				65D028D918D6FDF300F09F16 /* Photos */,
				65D028FD18D6FDF300F09F16 /* PhotosTests */,
			);
		};
/* End PBXProject section */

/* Begin PBXResourcesBuildPhase section */
		65D028D818D6FDF300F09F16 /* Resources */ = {
			isa = PBXResourcesBuildPhase;
			buildActionMask = 2147483647;
			files = (
				65A396DE18DABE30005BA532 /* Default@2x~iphone.png in Resources */,
				65F4D03118DABADC0058B561 /* Photos-Guides@2x.png in Resources */,
				65F4D03418DABADC0058B561 /* Photos@2x~iphone.png in Resources */,
				65D028F918D6FDF300F09F16 /* Images.xcassets in Resources */,
				65B3B62B18D99E8900417292 /* Main.storyboard in Resources */,
				65B3B62818D99DBB00417292 /* test.png in Resources */,
				65F4D03218DABADC0058B561 /* Photos-NotificationCenter@2x.png in Resources */,
				65A1D28B18D7E55700CDF709 /* Main_iPad.storyboard in Resources */,
				65F4D03318DABADC0058B561 /* Photos-settings@2x.png in Resources */,
				65D028E818D6FDF300F09F16 /* InfoPlist.strings in Resources */,
			);
			runOnlyForDeploymentPostprocessing = 0;
		};
		65D028FC18D6FDF300F09F16 /* Resources */ = {
			isa = PBXResourcesBuildPhase;
			buildActionMask = 2147483647;
			files = (
				65D0290A18D6FDF300F09F16 /* InfoPlist.strings in Resources */,
			);
			runOnlyForDeploymentPostprocessing = 0;
		};
/* End PBXResourcesBuildPhase section */

/* Begin PBXSourcesBuildPhase section */
		65D028D618D6FDF300F09F16 /* Sources */ = {
			isa = PBXSourcesBuildPhase;
			buildActionMask = 2147483647;
			files = (
				65B3B62118D99D4600417292 /* PhotoTabbar.m in Sources */,
				65B3B61F18D99D4600417292 /* Layouts.m in Sources */,
				65B3B62018D99D4600417292 /* PhotosVC.m in Sources */,
				65D028EE18D6FDF300F09F16 /* AppDelegate.m in Sources */,
				65B3B61E18D99D4600417292 /* ImageCell.m in Sources */,
				65B3B62218D99D4600417292 /* SharedVC.m in Sources */,
				65B3B62318D99D4600417292 /* ToolKit.m in Sources */,
				65B3B62E18D9A06600417292 /* ImageTableViewCell.m in Sources */,
				65B3B61D18D99D4600417292 /* AlbumsVC.m in Sources */,
				65D028EA18D6FDF300F09F16 /* main.m in Sources */,
			);
			runOnlyForDeploymentPostprocessing = 0;
		};
		65D028FA18D6FDF300F09F16 /* Sources */ = {
			isa = PBXSourcesBuildPhase;
			buildActionMask = 2147483647;
			files = (
				65D0290C18D6FDF300F09F16 /* PhotosTests.m in Sources */,
			);
			runOnlyForDeploymentPostprocessing = 0;
		};
/* End PBXSourcesBuildPhase section */

/* Begin PBXTargetDependency section */
		65D0290418D6FDF300F09F16 /* PBXTargetDependency */ = {
			isa = PBXTargetDependency;
			target = 65D028D918D6FDF300F09F16 /* Photos */;
			targetProxy = 65D0290318D6FDF300F09F16 /* PBXContainerItemProxy */;
		};
/* End PBXTargetDependency section */

/* Begin PBXVariantGroup section */
		65D028E618D6FDF300F09F16 /* InfoPlist.strings */ = {
			isa = PBXVariantGroup;
			children = (
				65D028E718D6FDF300F09F16 /* en */,
			);
			name = InfoPlist.strings;
			sourceTree = "<group>";
		};
		65D0290818D6FDF300F09F16 /* InfoPlist.strings */ = {
			isa = PBXVariantGroup;
			children = (
				65D0290918D6FDF300F09F16 /* en */,
			);
			name = InfoPlist.strings;
			sourceTree = "<group>";
		};
/* End PBXVariantGroup section */

/* Begin XCBuildConfiguration section */
		65D0290D18D6FDF300F09F16 /* Debug */ = {
			isa = XCBuildConfiguration;
			buildSettings = {
				ALWAYS_SEARCH_USER_PATHS = NO;
				CLANG_CXX_LANGUAGE_STANDARD = "gnu++0x";
				CLANG_CXX_LIBRARY = "libc++";
				CLANG_ENABLE_MODULES = YES;
				CLANG_ENABLE_OBJC_ARC = YES;
				CLANG_WARN_BOOL_CONVERSION = YES;
				CLANG_WARN_CONSTANT_CONVERSION = YES;
				CLANG_WARN_DIRECT_OBJC_ISA_USAGE = YES_ERROR;
				CLANG_WARN_EMPTY_BODY = YES;
				CLANG_WARN_ENUM_CONVERSION = YES;
				CLANG_WARN_INT_CONVERSION = YES;
				CLANG_WARN_OBJC_ROOT_CLASS = YES_ERROR;
				CLANG_WARN__DUPLICATE_METHOD_MATCH = YES;
				"CODE_SIGN_IDENTITY[sdk=iphoneos*]" = "iPhone Developer";
				COPY_PHASE_STRIP = NO;
				GCC_C_LANGUAGE_STANDARD = gnu99;
				GCC_DYNAMIC_NO_PIC = NO;
				GCC_OPTIMIZATION_LEVEL = 0;
				GCC_PREPROCESSOR_DEFINITIONS = (
					"DEBUG=1",
					"$(inherited)",
				);
				GCC_SYMBOLS_PRIVATE_EXTERN = NO;
				GCC_WARN_64_TO_32_BIT_CONVERSION = YES;
				GCC_WARN_ABOUT_RETURN_TYPE = YES_ERROR;
				GCC_WARN_UNDECLARED_SELECTOR = YES;
				GCC_WARN_UNINITIALIZED_AUTOS = YES_AGGRESSIVE;
				GCC_WARN_UNUSED_FUNCTION = YES;
				GCC_WARN_UNUSED_VARIABLE = YES;
				IPHONEOS_DEPLOYMENT_TARGET = 7.1;
				ONLY_ACTIVE_ARCH = YES;
				SDKROOT = iphoneos;
			};
			name = Debug;
		};
		65D0290E18D6FDF300F09F16 /* Release */ = {
			isa = XCBuildConfiguration;
			buildSettings = {
				ALWAYS_SEARCH_USER_PATHS = NO;
				CLANG_CXX_LANGUAGE_STANDARD = "gnu++0x";
				CLANG_CXX_LIBRARY = "libc++";
				CLANG_ENABLE_MODULES = YES;
				CLANG_ENABLE_OBJC_ARC = YES;
				CLANG_WARN_BOOL_CONVERSION = YES;
				CLANG_WARN_CONSTANT_CONVERSION = YES;
				CLANG_WARN_DIRECT_OBJC_ISA_USAGE = YES_ERROR;
				CLANG_WARN_EMPTY_BODY = YES;
				CLANG_WARN_ENUM_CONVERSION = YES;
				CLANG_WARN_INT_CONVERSION = YES;
				CLANG_WARN_OBJC_ROOT_CLASS = YES_ERROR;
				CLANG_WARN__DUPLICATE_METHOD_MATCH = YES;
				"CODE_SIGN_IDENTITY[sdk=iphoneos*]" = "iPhone Developer";
				COPY_PHASE_STRIP = YES;
				ENABLE_NS_ASSERTIONS = NO;
				GCC_C_LANGUAGE_STANDARD = gnu99;
				GCC_WARN_64_TO_32_BIT_CONVERSION = YES;
				GCC_WARN_ABOUT_RETURN_TYPE = YES_ERROR;
				GCC_WARN_UNDECLARED_SELECTOR = YES;
				GCC_WARN_UNINITIALIZED_AUTOS = YES_AGGRESSIVE;
				GCC_WARN_UNUSED_FUNCTION = YES;
				GCC_WARN_UNUSED_VARIABLE = YES;
				IPHONEOS_DEPLOYMENT_TARGET = 7.1;
				SDKROOT = iphoneos;
				VALIDATE_PRODUCT = YES;
			};
			name = Release;
		};
		65D0291018D6FDF300F09F16 /* Debug */ = {
			isa = XCBuildConfiguration;
			buildSettings = {
				ASSETCATALOG_COMPILER_APPICON_NAME = AppIcon;
				ASSETCATALOG_COMPILER_LAUNCHIMAGE_NAME = LaunchImage;
				GCC_PRECOMPILE_PREFIX_HEADER = YES;
				GCC_PREFIX_HEADER = "Photos/Photos-Prefix.pch";
				INFOPLIST_FILE = "Photos/Photos-Info.plist";
				IPHONEOS_DEPLOYMENT_TARGET = 7.0;
				PRODUCT_NAME = "$(TARGET_NAME)";
				TARGETED_DEVICE_FAMILY = "1,2";
				WRAPPER_EXTENSION = app;
			};
			name = Debug;
		};
		65D0291118D6FDF300F09F16 /* Release */ = {
			isa = XCBuildConfiguration;
			buildSettings = {
				ASSETCATALOG_COMPILER_APPICON_NAME = AppIcon;
				ASSETCATALOG_COMPILER_LAUNCHIMAGE_NAME = LaunchImage;
				GCC_PRECOMPILE_PREFIX_HEADER = YES;
				GCC_PREFIX_HEADER = "Photos/Photos-Prefix.pch";
				INFOPLIST_FILE = "Photos/Photos-Info.plist";
				IPHONEOS_DEPLOYMENT_TARGET = 7.0;
				PRODUCT_NAME = "$(TARGET_NAME)";
				TARGETED_DEVICE_FAMILY = "1,2";
				WRAPPER_EXTENSION = app;
			};
			name = Release;
		};
		65D0291318D6FDF300F09F16 /* Debug */ = {
			isa = XCBuildConfiguration;
			buildSettings = {
				BUNDLE_LOADER = "$(BUILT_PRODUCTS_DIR)/Photos.app/Photos";
				FRAMEWORK_SEARCH_PATHS = (
					"$(SDKROOT)/Developer/Library/Frameworks",
					"$(inherited)",
					"$(DEVELOPER_FRAMEWORKS_DIR)",
				);
				GCC_PRECOMPILE_PREFIX_HEADER = YES;
				GCC_PREFIX_HEADER = "Photos/Photos-Prefix.pch";
				GCC_PREPROCESSOR_DEFINITIONS = (
					"DEBUG=1",
					"$(inherited)",
				);
				INFOPLIST_FILE = "PhotosTests/PhotosTests-Info.plist";
				PRODUCT_NAME = "$(TARGET_NAME)";
				TEST_HOST = "$(BUNDLE_LOADER)";
				WRAPPER_EXTENSION = xctest;
			};
			name = Debug;
		};
		65D0291418D6FDF300F09F16 /* Release */ = {
			isa = XCBuildConfiguration;
			buildSettings = {
				BUNDLE_LOADER = "$(BUILT_PRODUCTS_DIR)/Photos.app/Photos";
				FRAMEWORK_SEARCH_PATHS = (
					"$(SDKROOT)/Developer/Library/Frameworks",
					"$(inherited)",
					"$(DEVELOPER_FRAMEWORKS_DIR)",
				);
				GCC_PRECOMPILE_PREFIX_HEADER = YES;
				GCC_PREFIX_HEADER = "Photos/Photos-Prefix.pch";
				INFOPLIST_FILE = "PhotosTests/PhotosTests-Info.plist";
				PRODUCT_NAME = "$(TARGET_NAME)";
				TEST_HOST = "$(BUNDLE_LOADER)";
				WRAPPER_EXTENSION = xctest;
			};
			name = Release;
		};
/* End XCBuildConfiguration section */

/* Begin XCConfigurationList section */
		65D028D518D6FDF300F09F16 /* Build configuration list for PBXProject "Photos" */ = {
			isa = XCConfigurationList;
			buildConfigurations = (
				65D0290D18D6FDF300F09F16 /* Debug */,
				65D0290E18D6FDF300F09F16 /* Release */,
			);
			defaultConfigurationIsVisible = 0;
			defaultConfigurationName = Release;
		};
		65D0290F18D6FDF300F09F16 /* Build configuration list for PBXNativeTarget "Photos" */ = {
			isa = XCConfigurationList;
			buildConfigurations = (
				65D0291018D6FDF300F09F16 /* Debug */,
				65D0291118D6FDF300F09F16 /* Release */,
			);
			defaultConfigurationIsVisible = 0;
			defaultConfigurationName = Release;
		};
		65D0291218D6FDF300F09F16 /* Build configuration list for PBXNativeTarget "PhotosTests" */ = {
			isa = XCConfigurationList;
			buildConfigurations = (
				65D0291318D6FDF300F09F16 /* Debug */,
				65D0291418D6FDF300F09F16 /* Release */,
			);
			defaultConfigurationIsVisible = 0;
			defaultConfigurationName = Release;
		};
/* End XCConfigurationList section */
	};
	rootObject = 65D028D218D6FDF300F09F16 /* Project object */;
}
